# This file is automatically @generated by Cargo.
# It is not intended for manual editing.
version = 4

[[package]]
name = "classic-sim"
version = "0.1.0"
dependencies = [
 "engine-core",
]

[[package]]
name = "classic-tools"
version = "0.1.0"
dependencies = [
 "classic-sim",
]

[[package]]
name = "classic-wasm"
version = "0.1.0"
dependencies = [
 "classic-sim",
]

[[package]]
name = "engine-core"
version = "0.1.0"
