# This file is automatically @generated by Cargo.
# It is not intended for manual editing.
version = 4

[[package]]
name = "classic-sim"
version = "0.1.0"
dependencies = [
 "rts-core",
]

[[package]]
name = "classic-tools"
version = "0.1.0"
dependencies = [
 "classic-sim",
]

[[package]]
name = "classic-wasm"
version = "0.1.0"
dependencies = [
 "classic-sim",
]

[[package]]
name = "rts-core"
version = "0.1.0"
source = "git+https://github.com/EdwardAThomson/rts-core?rev=da80e8730d22dcd6f34194787e168b565982af4c#da80e8730d22dcd6f34194787e168b565982af4c"
